
Microsoft Visual Studio Solution File, Format Version 12.00
# Visual Studio Version 17
VisualStudioVersion = 17.13.35931.197 d17.13
MinimumVisualStudioVersion = 10.0.40219.1
Project("{8BC9CEB8-8B4A-11D0-8D11-00A0C91BC942}") = "PG3_Gen", "PG3_Gen.vcxproj", "{7E06A580-48A0-4F1E-8B2E-4536838D90D1}"
EndProject
Global
	GlobalSection(SolutionConfigurationPlatforms) = preSolution
		Debug|x64 = Debug|x64
		Debug|x86 = Debug|x86
		Release|x64 = Release|x64
		Release|x86 = Release|x86
	EndGlobalSection
	GlobalSection(ProjectConfigurationPlatforms) = postSolution
		{7E06A580-48A0-4F1E-8B2E-4536838D90D1}.Debug|x64.ActiveCfg = Debug|x64
		{7E06A580-48A0-4F1E-8B2E-4536838D90D1}.Debug|x64.Build.0 = Debug|x64
		{7E06A580-48A0-4F1E-8B2E-4536838D90D1}.Debug|x86.ActiveCfg = Debug|Win32
		{7E06A580-48A0-4F1E-8B2E-4536838D90D1}.Debug|x86.Build.0 = Debug|Win32
		{7E06A580-48A0-4F1E-8B2E-4536838D90D1}.Release|x64.ActiveCfg = Release|x64
		{7E06A580-48A0-4F1E-8B2E-4536838D90D1}.Release|x64.Build.0 = Release|x64
		{7E06A580-48A0-4F1E-8B2E-4536838D90D1}.Release|x86.ActiveCfg = Release|Win32
		{7E06A580-48A0-4F1E-8B2E-4536838D90D1}.Release|x86.Build.0 = Release|Win32
	EndGlobalSection
	GlobalSection(SolutionProperties) = preSolution
		HideSolutionNode = FALSE
	EndGlobalSection
	GlobalSection(ExtensibilityGlobals) = postSolution
		SolutionGuid = {4BB49924-B265-46C2-8FBE-1B6B38E94CB8}
	EndGlobalSection
EndGlobal
